
Microsoft Visual Studio Solution File, Format Version 12.00
# Visual Studio Version 16
VisualStudioVersion = 16.0.29728.190
MinimumVisualStudioVersion = 10.0.40219.1
Project("{FAE04EC0-301F-11D3-BF4B-00C04F79EFBC}") = "Questao3", "Questao3\Questao3.csproj", "{E91457DE-3297-4CB7-B013-03A1D83D0ED1}"
EndProject
Global
	GlobalSection(SolutionConfigurationPlatforms) = preSolution
		Debug|Any CPU = Debug|Any CPU
		Release|Any CPU = Release|Any CPU
	EndGlobalSection
	GlobalSection(ProjectConfigurationPlatforms) = postSolution
		{E91457DE-3297-4CB7-B013-03A1D83D0ED1}.Debug|Any CPU.ActiveCfg = Debug|Any CPU
		{E91457DE-3297-4CB7-B013-03A1D83D0ED1}.Debug|Any CPU.Build.0 = Debug|Any CPU
		{E91457DE-3297-4CB7-B013-03A1D83D0ED1}.Release|Any CPU.ActiveCfg = Release|Any CPU
		{E91457DE-3297-4CB7-B013-03A1D83D0ED1}.Release|Any CPU.Build.0 = Release|Any CPU
	EndGlobalSection
	GlobalSection(SolutionProperties) = preSolution
		HideSolutionNode = FALSE
	EndGlobalSection
	GlobalSection(ExtensibilityGlobals) = postSolution
		SolutionGuid = {37467C39-381D-4454-962A-CD5112C7BE2E}
	EndGlobalSection
EndGlobal
