
Microsoft Visual Studio Solution File, Format Version 12.00
# Visual Studio Version 16
VisualStudioVersion = 16.0.29728.190
MinimumVisualStudioVersion = 10.0.40219.1
Project("{FAE04EC0-301F-11D3-BF4B-00C04F79EFBC}") = "Questao5", "Questao5\Questao5.csproj", "{7968BED9-E632-4B31-97F1-70C20A4346B6}"
EndProject
Global
	GlobalSection(SolutionConfigurationPlatforms) = preSolution
		Debug|Any CPU = Debug|Any CPU
		Release|Any CPU = Release|Any CPU
	EndGlobalSection
	GlobalSection(ProjectConfigurationPlatforms) = postSolution
		{7968BED9-E632-4B31-97F1-70C20A4346B6}.Debug|Any CPU.ActiveCfg = Debug|Any CPU
		{7968BED9-E632-4B31-97F1-70C20A4346B6}.Debug|Any CPU.Build.0 = Debug|Any CPU
		{7968BED9-E632-4B31-97F1-70C20A4346B6}.Release|Any CPU.ActiveCfg = Release|Any CPU
		{7968BED9-E632-4B31-97F1-70C20A4346B6}.Release|Any CPU.Build.0 = Release|Any CPU
	EndGlobalSection
	GlobalSection(SolutionProperties) = preSolution
		HideSolutionNode = FALSE
	EndGlobalSection
	GlobalSection(ExtensibilityGlobals) = postSolution
		SolutionGuid = {0966029D-B855-4EFB-AE89-92709A8E8689}
	EndGlobalSection
EndGlobal
