
Microsoft Visual Studio Solution File, Format Version 12.00
# Visual Studio Version 16
VisualStudioVersion = 16.0.29728.190
MinimumVisualStudioVersion = 10.0.40219.1
Project("{FAE04EC0-301F-11D3-BF4B-00C04F79EFBC}") = "Questao1", "Questao1\Questao1.csproj", "{C4E5E7DC-88E0-4579-878D-043AC0717144}"
EndProject
Global
	GlobalSection(SolutionConfigurationPlatforms) = preSolution
		Debug|Any CPU = Debug|Any CPU
		Release|Any CPU = Release|Any CPU
	EndGlobalSection
	GlobalSection(ProjectConfigurationPlatforms) = postSolution
		{C4E5E7DC-88E0-4579-878D-043AC0717144}.Debug|Any CPU.ActiveCfg = Debug|Any CPU
		{C4E5E7DC-88E0-4579-878D-043AC0717144}.Debug|Any CPU.Build.0 = Debug|Any CPU
		{C4E5E7DC-88E0-4579-878D-043AC0717144}.Release|Any CPU.ActiveCfg = Release|Any CPU
		{C4E5E7DC-88E0-4579-878D-043AC0717144}.Release|Any CPU.Build.0 = Release|Any CPU
	EndGlobalSection
	GlobalSection(SolutionProperties) = preSolution
		HideSolutionNode = FALSE
	EndGlobalSection
	GlobalSection(ExtensibilityGlobals) = postSolution
		SolutionGuid = {F5A32747-CC43-4E53-98C6-654739B800EC}
	EndGlobalSection
EndGlobal
