
Microsoft Visual Studio Solution File, Format Version 12.00
# Visual Studio Version 16
VisualStudioVersion = 16.0.29728.190
MinimumVisualStudioVersion = 10.0.40219.1
Project("{FAE04EC0-301F-11D3-BF4B-00C04F79EFBC}") = "Questao8", "Questao8\Questao8.csproj", "{29E4D67D-AB59-4868-92DA-9BD87C98AD4B}"
EndProject
Global
	GlobalSection(SolutionConfigurationPlatforms) = preSolution
		Debug|Any CPU = Debug|Any CPU
		Release|Any CPU = Release|Any CPU
	EndGlobalSection
	GlobalSection(ProjectConfigurationPlatforms) = postSolution
		{29E4D67D-AB59-4868-92DA-9BD87C98AD4B}.Debug|Any CPU.ActiveCfg = Debug|Any CPU
		{29E4D67D-AB59-4868-92DA-9BD87C98AD4B}.Debug|Any CPU.Build.0 = Debug|Any CPU
		{29E4D67D-AB59-4868-92DA-9BD87C98AD4B}.Release|Any CPU.ActiveCfg = Release|Any CPU
		{29E4D67D-AB59-4868-92DA-9BD87C98AD4B}.Release|Any CPU.Build.0 = Release|Any CPU
	EndGlobalSection
	GlobalSection(SolutionProperties) = preSolution
		HideSolutionNode = FALSE
	EndGlobalSection
	GlobalSection(ExtensibilityGlobals) = postSolution
		SolutionGuid = {09BE617D-13FA-4300-AEE5-2EF068097DBB}
	EndGlobalSection
EndGlobal
